
Microsoft Visual Studio Solution File, Format Version 12.00
# Visual Studio Version 16
VisualStudioVersion = 16.0.30523.141
MinimumVisualStudioVersion = 10.0.40219.1
Project("{FAE04EC0-301F-11D3-BF4B-00C04F79EFBC}") = "Parrot", "Parrot\Parrot.csproj", "{6FFEB122-6A00-464C-B46E-B60FFC6F4692}"
EndProject
Project("{FAE04EC0-301F-11D3-BF4B-00C04F79EFBC}") = "Parrot.Tests", "Parrot.Tests\Parrot.Tests.csproj", "{A6BB6754-6767-49CB-A274-426A3BC3E8E2}"
EndProject
Global
	GlobalSection(SolutionConfigurationPlatforms) = preSolution
		Debug|Any CPU = Debug|Any CPU
		Release|Any CPU = Release|Any CPU
	EndGlobalSection
	GlobalSection(ProjectConfigurationPlatforms) = postSolution
		{6FFEB122-6A00-464C-B46E-B60FFC6F4692}.Debug|Any CPU.ActiveCfg = Debug|Any CPU
		{6FFEB122-6A00-464C-B46E-B60FFC6F4692}.Debug|Any CPU.Build.0 = Debug|Any CPU
		{6FFEB122-6A00-464C-B46E-B60FFC6F4692}.Release|Any CPU.ActiveCfg = Release|Any CPU
		{6FFEB122-6A00-464C-B46E-B60FFC6F4692}.Release|Any CPU.Build.0 = Release|Any CPU
		{A6BB6754-6767-49CB-A274-426A3BC3E8E2}.Debug|Any CPU.ActiveCfg = Debug|Any CPU
		{A6BB6754-6767-49CB-A274-426A3BC3E8E2}.Debug|Any CPU.Build.0 = Debug|Any CPU
		{A6BB6754-6767-49CB-A274-426A3BC3E8E2}.Release|Any CPU.ActiveCfg = Release|Any CPU
		{A6BB6754-6767-49CB-A274-426A3BC3E8E2}.Release|Any CPU.Build.0 = Release|Any CPU
	EndGlobalSection
	GlobalSection(SolutionProperties) = preSolution
		HideSolutionNode = FALSE
	EndGlobalSection
	GlobalSection(ExtensibilityGlobals) = postSolution
		SolutionGuid = {E0FE2152-36FF-4421-ACEB-7DEA04429914}
	EndGlobalSection
EndGlobal
