
Microsoft Visual Studio Solution File, Format Version 12.00
# Visual Studio Version 16
VisualStudioVersion = 16.0.30523.141
MinimumVisualStudioVersion = 10.0.40219.1
Project("{FAE04EC0-301F-11D3-BF4B-00C04F79EFBC}") = "Tennis", "Tennis\Tennis.csproj", "{86065E86-A39E-4231-928A-796B37459071}"
EndProject
Project("{FAE04EC0-301F-11D3-BF4B-00C04F79EFBC}") = "Tennis.Tests", "Tennis.Tests\Tennis.Tests.csproj", "{676A68EE-D090-43F2-B0E8-E254BA98BBC8}"
EndProject
Global
	GlobalSection(SolutionConfigurationPlatforms) = preSolution
		Debug|Any CPU = Debug|Any CPU
		Release|Any CPU = Release|Any CPU
	EndGlobalSection
	GlobalSection(ProjectConfigurationPlatforms) = postSolution
		{86065E86-A39E-4231-928A-796B37459071}.Debug|Any CPU.ActiveCfg = Debug|Any CPU
		{86065E86-A39E-4231-928A-796B37459071}.Debug|Any CPU.Build.0 = Debug|Any CPU
		{86065E86-A39E-4231-928A-796B37459071}.Release|Any CPU.ActiveCfg = Release|Any CPU
		{86065E86-A39E-4231-928A-796B37459071}.Release|Any CPU.Build.0 = Release|Any CPU
		{676A68EE-D090-43F2-B0E8-E254BA98BBC8}.Debug|Any CPU.ActiveCfg = Debug|Any CPU
		{676A68EE-D090-43F2-B0E8-E254BA98BBC8}.Debug|Any CPU.Build.0 = Debug|Any CPU
		{676A68EE-D090-43F2-B0E8-E254BA98BBC8}.Release|Any CPU.ActiveCfg = Release|Any CPU
		{676A68EE-D090-43F2-B0E8-E254BA98BBC8}.Release|Any CPU.Build.0 = Release|Any CPU
	EndGlobalSection
	GlobalSection(SolutionProperties) = preSolution
		HideSolutionNode = FALSE
	EndGlobalSection
	GlobalSection(ExtensibilityGlobals) = postSolution
		SolutionGuid = {D0B7873E-D6B3-4F67-A100-BBAD9E8D2D7E}
	EndGlobalSection
EndGlobal
