
Microsoft Visual Studio Solution File, Format Version 12.00
# Visual Studio 15
VisualStudioVersion = 15.0.28307.421
MinimumVisualStudioVersion = 10.0.40219.1
Project("{FAE04EC0-301F-11D3-BF4B-00C04F79EFBC}") = "GildedRose", "GildedRose\GildedRose.csproj", "{EB327CEF-B477-49F2-8E95-D30A1EA064C9}"
EndProject
Global
	GlobalSection(SolutionConfigurationPlatforms) = preSolution
		Debug|Any CPU = Debug|Any CPU
		Release|Any CPU = Release|Any CPU
	EndGlobalSection
	GlobalSection(ProjectConfigurationPlatforms) = postSolution
		{EB327CEF-B477-49F2-8E95-D30A1EA064C9}.Debug|Any CPU.ActiveCfg = Debug|Any CPU
		{EB327CEF-B477-49F2-8E95-D30A1EA064C9}.Debug|Any CPU.Build.0 = Debug|Any CPU
		{EB327CEF-B477-49F2-8E95-D30A1EA064C9}.Release|Any CPU.ActiveCfg = Release|Any CPU
		{EB327CEF-B477-49F2-8E95-D30A1EA064C9}.Release|Any CPU.Build.0 = Release|Any CPU
	EndGlobalSection
	GlobalSection(SolutionProperties) = preSolution
		HideSolutionNode = FALSE
	EndGlobalSection
	GlobalSection(ExtensibilityGlobals) = postSolution
		SolutionGuid = {2B412328-9783-4646-B94C-1B37FE62291D}
	EndGlobalSection
EndGlobal
