
Microsoft Visual Studio Solution File, Format Version 12.00
# Visual Studio 15
VisualStudioVersion = 15.0.28307.421
MinimumVisualStudioVersion = 10.0.40219.1
Project("{FAE04EC0-301F-11D3-BF4B-00C04F79EFBC}") = "Yatzy", "Yatzy\Yatzy.csproj", "{107DC96E-17E2-422B-B8C9-B0970BC61187}"
EndProject
Global
	GlobalSection(SolutionConfigurationPlatforms) = preSolution
		Debug|Any CPU = Debug|Any CPU
		Release|Any CPU = Release|Any CPU
	EndGlobalSection
	GlobalSection(ProjectConfigurationPlatforms) = postSolution
		{107DC96E-17E2-422B-B8C9-B0970BC61187}.Debug|Any CPU.ActiveCfg = Debug|Any CPU
		{107DC96E-17E2-422B-B8C9-B0970BC61187}.Debug|Any CPU.Build.0 = Debug|Any CPU
		{107DC96E-17E2-422B-B8C9-B0970BC61187}.Release|Any CPU.ActiveCfg = Release|Any CPU
		{107DC96E-17E2-422B-B8C9-B0970BC61187}.Release|Any CPU.Build.0 = Release|Any CPU
	EndGlobalSection
	GlobalSection(SolutionProperties) = preSolution
		HideSolutionNode = FALSE
	EndGlobalSection
	GlobalSection(ExtensibilityGlobals) = postSolution
		SolutionGuid = {C86E6407-1FF2-48F5-B946-D3147F3E3D4A}
	EndGlobalSection
EndGlobal
